// !$*UTF8*$!
{
	archiveVersion = 1;
	classes = {
	};
	objectVersion = 52;
	objects = {

/* Begin PBXBuildFile section */
		128259FB250C059400EC915D /* AppDelegate.swift in Sources */ = {isa = PBXBuildFile; fileRef = 128259FA250C059400EC915D /* AppDelegate.swift */; };
		128259FF250C059400EC915D /* ViewController.swift in Sources */ = {isa = PBXBuildFile; fileRef = 128259FE250C059400EC915D /* ViewController.swift */; };
		12825A02250C059400EC915D /* Main.storyboard in Resources */ = {isa = PBXBuildFile; fileRef = 12825A00250C059400EC915D /* Main.storyboard */; };
		12825A04250C059800EC915D /* Assets.xcassets in Resources */ = {isa = PBXBuildFile; fileRef = 12825A03250C059800EC915D /* Assets.xcassets */; };
		12825A07250C059800EC915D /* LaunchScreen.storyboard in Resources */ = {isa = PBXBuildFile; fileRef = 12825A05250C059800EC915D /* LaunchScreen.storyboard */; };
		12825A1D250C151700EC915D /* PokedexWorker.swift in Sources */ = {isa = PBXBuildFile; fileRef = 12825A1C250C151700EC915D /* PokedexWorker.swift */; };
		12825A21250C165E00EC915D /* Pokemon.swift in Sources */ = {isa = PBXBuildFile; fileRef = 12825A20250C165E00EC915D /* Pokemon.swift */; };
		12A8C42E250E7D2000BC4217 /* SnapKit in Frameworks */ = {isa = PBXBuildFile; productRef = 12A8C42D250E7D2000BC4217 /* SnapKit */; };
		12AFE76C250C28AE00BAEAB0 /* Pokedex.swift in Sources */ = {isa = PBXBuildFile; fileRef = 12AFE76B250C28AE00BAEAB0 /* Pokedex.swift */; };
		12AFE770250C3D8900BAEAB0 /* PokedexWorkerTests.swift in Sources */ = {isa = PBXBuildFile; fileRef = 12AFE76F250C3D8900BAEAB0 /* PokedexWorkerTests.swift */; };
		12AFE772250C535E00BAEAB0 /* URLProtocolMock.swift in Sources */ = {isa = PBXBuildFile; fileRef = 12AFE771250C535E00BAEAB0 /* URLProtocolMock.swift */; };
		12BF7AB2250CFCFA0017BABC /* Networking.swift in Sources */ = {isa = PBXBuildFile; fileRef = 12BF7AB1250CFCFA0017BABC /* Networking.swift */; };
		12BF7AB5250CFD6A0017BABC /* HTTPMethod.swift in Sources */ = {isa = PBXBuildFile; fileRef = 12BF7AB4250CFD6A0017BABC /* HTTPMethod.swift */; };
		12BF7AB9250D00720017BABC /* WorkerTestsFactory.swift in Sources */ = {isa = PBXBuildFile; fileRef = 12BF7AB8250D00720017BABC /* WorkerTestsFactory.swift */; };
		12BF7ABD250D6EBF0017BABC /* PokedexTabBarController.swift in Sources */ = {isa = PBXBuildFile; fileRef = 12BF7ABC250D6EBF0017BABC /* PokedexTabBarController.swift */; };
		12BF7ABF250D715A0017BABC /* PokedexTabBarFactory.swift in Sources */ = {isa = PBXBuildFile; fileRef = 12BF7ABE250D715A0017BABC /* PokedexTabBarFactory.swift */; };
		12BF7AC4250D73930017BABC /* ViewCode.swift in Sources */ = {isa = PBXBuildFile; fileRef = 12BF7AC3250D73930017BABC /* ViewCode.swift */; };
		12BF7AC7250D9B670017BABC /* PokedexTableViewCell.swift in Sources */ = {isa = PBXBuildFile; fileRef = 12BF7AC6250D9B670017BABC /* PokedexTableViewCell.swift */; };
		12BF7AC9250D9C870017BABC /* PokedexView.swift in Sources */ = {isa = PBXBuildFile; fileRef = 12BF7AC8250D9C870017BABC /* PokedexView.swift */; };
/* End PBXBuildFile section */

/* Begin PBXContainerItemProxy section */
		12825A0E250C059800EC915D /* PBXContainerItemProxy */ = {
			isa = PBXContainerItemProxy;
			containerPortal = 128259EF250C059400EC915D /* Project object */;
			proxyType = 1;
			remoteGlobalIDString = 128259F6250C059400EC915D;
			remoteInfo = Pokedex_Renata;
		};
/* End PBXContainerItemProxy section */

/* Begin PBXFileReference section */
		128259F7250C059400EC915D /* Pokedex_Renata.app */ = {isa = PBXFileReference; explicitFileType = wrapper.application; includeInIndex = 0; path = Pokedex_Renata.app; sourceTree = BUILT_PRODUCTS_DIR; };
		128259FA250C059400EC915D /* AppDelegate.swift */ = {isa = PBXFileReference; lastKnownFileType = sourcecode.swift; path = AppDelegate.swift; sourceTree = "<group>"; };
		128259FE250C059400EC915D /* ViewController.swift */ = {isa = PBXFileReference; lastKnownFileType = sourcecode.swift; path = ViewController.swift; sourceTree = "<group>"; };
		12825A01250C059400EC915D /* Base */ = {isa = PBXFileReference; lastKnownFileType = file.storyboard; name = Base; path = Base.lproj/Main.storyboard; sourceTree = "<group>"; };
		12825A03250C059800EC915D /* Assets.xcassets */ = {isa = PBXFileReference; lastKnownFileType = folder.assetcatalog; path = Assets.xcassets; sourceTree = "<group>"; };
		12825A06250C059800EC915D /* Base */ = {isa = PBXFileReference; lastKnownFileType = file.storyboard; name = Base; path = Base.lproj/LaunchScreen.storyboard; sourceTree = "<group>"; };
		12825A08250C059800EC915D /* Info.plist */ = {isa = PBXFileReference; lastKnownFileType = text.plist.xml; path = Info.plist; sourceTree = "<group>"; };
		12825A0D250C059800EC915D /* Pokedex_RenataTests.xctest */ = {isa = PBXFileReference; explicitFileType = wrapper.cfbundle; includeInIndex = 0; path = Pokedex_RenataTests.xctest; sourceTree = BUILT_PRODUCTS_DIR; };
		12825A13250C059800EC915D /* Info.plist */ = {isa = PBXFileReference; lastKnownFileType = text.plist.xml; path = Info.plist; sourceTree = "<group>"; };
		12825A1C250C151700EC915D /* PokedexWorker.swift */ = {isa = PBXFileReference; lastKnownFileType = sourcecode.swift; path = PokedexWorker.swift; sourceTree = "<group>"; };
		12825A20250C165E00EC915D /* Pokemon.swift */ = {isa = PBXFileReference; lastKnownFileType = sourcecode.swift; path = Pokemon.swift; sourceTree = "<group>"; };
		12AFE76B250C28AE00BAEAB0 /* Pokedex.swift */ = {isa = PBXFileReference; lastKnownFileType = sourcecode.swift; path = Pokedex.swift; sourceTree = "<group>"; };
		12AFE76F250C3D8900BAEAB0 /* PokedexWorkerTests.swift */ = {isa = PBXFileReference; lastKnownFileType = sourcecode.swift; path = PokedexWorkerTests.swift; sourceTree = "<group>"; };
		12AFE771250C535E00BAEAB0 /* URLProtocolMock.swift */ = {isa = PBXFileReference; lastKnownFileType = sourcecode.swift; path = URLProtocolMock.swift; sourceTree = "<group>"; };
		12BF7AB1250CFCFA0017BABC /* Networking.swift */ = {isa = PBXFileReference; lastKnownFileType = sourcecode.swift; path = Networking.swift; sourceTree = "<group>"; };
		12BF7AB4250CFD6A0017BABC /* HTTPMethod.swift */ = {isa = PBXFileReference; lastKnownFileType = sourcecode.swift; path = HTTPMethod.swift; sourceTree = "<group>"; };
		12BF7AB8250D00720017BABC /* WorkerTestsFactory.swift */ = {isa = PBXFileReference; lastKnownFileType = sourcecode.swift; path = WorkerTestsFactory.swift; sourceTree = "<group>"; };
		12BF7ABC250D6EBF0017BABC /* PokedexTabBarController.swift */ = {isa = PBXFileReference; lastKnownFileType = sourcecode.swift; path = PokedexTabBarController.swift; sourceTree = "<group>"; };
		12BF7ABE250D715A0017BABC /* PokedexTabBarFactory.swift */ = {isa = PBXFileReference; lastKnownFileType = sourcecode.swift; path = PokedexTabBarFactory.swift; sourceTree = "<group>"; };
		12BF7AC3250D73930017BABC /* ViewCode.swift */ = {isa = PBXFileReference; lastKnownFileType = sourcecode.swift; path = ViewCode.swift; sourceTree = "<group>"; };
		12BF7AC6250D9B670017BABC /* PokedexTableViewCell.swift */ = {isa = PBXFileReference; lastKnownFileType = sourcecode.swift; path = PokedexTableViewCell.swift; sourceTree = "<group>"; };
		12BF7AC8250D9C870017BABC /* PokedexView.swift */ = {isa = PBXFileReference; lastKnownFileType = sourcecode.swift; path = PokedexView.swift; sourceTree = "<group>"; };
/* End PBXFileReference section */

/* Begin PBXFrameworksBuildPhase section */
		128259F4250C059400EC915D /* Frameworks */ = {
			isa = PBXFrameworksBuildPhase;
			buildActionMask = 2147483647;
			files = (
				12A8C42E250E7D2000BC4217 /* SnapKit in Frameworks */,
			);
			runOnlyForDeploymentPostprocessing = 0;
		};
		12825A0A250C059800EC915D /* Frameworks */ = {
			isa = PBXFrameworksBuildPhase;
			buildActionMask = 2147483647;
			files = (
			);
			runOnlyForDeploymentPostprocessing = 0;
		};
/* End PBXFrameworksBuildPhase section */

/* Begin PBXGroup section */
		128259EE250C059400EC915D = {
			isa = PBXGroup;
			children = (
				128259F9250C059400EC915D /* Pokedex_Renata */,
				12825A10250C059800EC915D /* Pokedex_RenataTests */,
				128259F8250C059400EC915D /* Products */,
			);
			sourceTree = "<group>";
		};
		128259F8250C059400EC915D /* Products */ = {
			isa = PBXGroup;
			children = (
				128259F7250C059400EC915D /* Pokedex_Renata.app */,
				12825A0D250C059800EC915D /* Pokedex_RenataTests.xctest */,
			);
			name = Products;
			sourceTree = "<group>";
		};
		128259F9250C059400EC915D /* Pokedex_Renata */ = {
			isa = PBXGroup;
			children = (
				12BF7AC2250D737C0017BABC /* DesignSystem */,
				128259FA250C059400EC915D /* AppDelegate.swift */,
				128259FE250C059400EC915D /* ViewController.swift */,
				12825A00250C059400EC915D /* Main.storyboard */,
				12825A03250C059800EC915D /* Assets.xcassets */,
				12825A05250C059800EC915D /* LaunchScreen.storyboard */,
				12825A08250C059800EC915D /* Info.plist */,
				12BF7AB7250CFD9F0017BABC /* Worker */,
				12BF7AC0250D724A0017BABC /* Scenes */,
				12BF7AC8250D9C870017BABC /* PokedexView.swift */,
			);
			path = Pokedex_Renata;
			sourceTree = "<group>";
		};
		12825A10250C059800EC915D /* Pokedex_RenataTests */ = {
			isa = PBXGroup;
			children = (
				12825A13250C059800EC915D /* Info.plist */,
				12AFE76F250C3D8900BAEAB0 /* PokedexWorkerTests.swift */,
				12BF7ABA250D00DE0017BABC /* Mock */,
			);
			path = Pokedex_RenataTests;
			sourceTree = "<group>";
		};
		12825A22250C168F00EC915D /* Models */ = {
			isa = PBXGroup;
			children = (
				12825A20250C165E00EC915D /* Pokemon.swift */,
				12AFE76B250C28AE00BAEAB0 /* Pokedex.swift */,
			);
			path = Models;
			sourceTree = "<group>";
		};
		12BF7AB3250CFD360017BABC /* Protocol */ = {
			isa = PBXGroup;
			children = (
				12BF7AB1250CFCFA0017BABC /* Networking.swift */,
			);
			path = Protocol;
			sourceTree = "<group>";
		};
		12BF7AB6250CFD8F0017BABC /* Enum */ = {
			isa = PBXGroup;
			children = (
				12BF7AB4250CFD6A0017BABC /* HTTPMethod.swift */,
			);
			path = Enum;
			sourceTree = "<group>";
		};
		12BF7AB7250CFD9F0017BABC /* Worker */ = {
			isa = PBXGroup;
			children = (
				12825A1C250C151700EC915D /* PokedexWorker.swift */,
				12825A22250C168F00EC915D /* Models */,
				12BF7AB3250CFD360017BABC /* Protocol */,
				12BF7AB6250CFD8F0017BABC /* Enum */,
			);
			path = Worker;
			sourceTree = "<group>";
		};
		12BF7ABA250D00DE0017BABC /* Mock */ = {
			isa = PBXGroup;
			children = (
				12BF7ABB250D00EA0017BABC /* Worker */,
			);
			path = Mock;
			sourceTree = "<group>";
		};
		12BF7ABB250D00EA0017BABC /* Worker */ = {
			isa = PBXGroup;
			children = (
				12AFE771250C535E00BAEAB0 /* URLProtocolMock.swift */,
				12BF7AB8250D00720017BABC /* WorkerTestsFactory.swift */,
			);
			path = Worker;
			sourceTree = "<group>";
		};
		12BF7AC0250D724A0017BABC /* Scenes */ = {
			isa = PBXGroup;
			children = (
				12BF7AC1250D72880017BABC /* PokedexTabBar */,
			);
			path = Scenes;
			sourceTree = "<group>";
		};
		12BF7AC1250D72880017BABC /* PokedexTabBar */ = {
			isa = PBXGroup;
			children = (
				12BF7ABC250D6EBF0017BABC /* PokedexTabBarController.swift */,
				12BF7ABE250D715A0017BABC /* PokedexTabBarFactory.swift */,
			);
			path = PokedexTabBar;
			sourceTree = "<group>";
		};
		12BF7AC2250D737C0017BABC /* DesignSystem */ = {
			isa = PBXGroup;
			children = (
				12BF7AC5250D73990017BABC /* Protocol */,
				12BF7AC6250D9B670017BABC /* PokedexTableViewCell.swift */,
			);
			path = DesignSystem;
			sourceTree = "<group>";
		};
		12BF7AC5250D73990017BABC /* Protocol */ = {
			isa = PBXGroup;
			children = (
				12BF7AC3250D73930017BABC /* ViewCode.swift */,
			);
			path = Protocol;
			sourceTree = "<group>";
		};
/* End PBXGroup section */

/* Begin PBXNativeTarget section */
		128259F6250C059400EC915D /* Pokedex_Renata */ = {
			isa = PBXNativeTarget;
			buildConfigurationList = 12825A16250C059800EC915D /* Build configuration list for PBXNativeTarget "Pokedex_Renata" */;
			buildPhases = (
				128259F3250C059400EC915D /* Sources */,
				128259F4250C059400EC915D /* Frameworks */,
				128259F5250C059400EC915D /* Resources */,
			);
			buildRules = (
			);
			dependencies = (
			);
			name = Pokedex_Renata;
			packageProductDependencies = (
				12A8C42D250E7D2000BC4217 /* SnapKit */,
			);
			productName = Pokedex_Renata;
			productReference = 128259F7250C059400EC915D /* Pokedex_Renata.app */;
			productType = "com.apple.product-type.application";
		};
		12825A0C250C059800EC915D /* Pokedex_RenataTests */ = {
			isa = PBXNativeTarget;
			buildConfigurationList = 12825A19250C059800EC915D /* Build configuration list for PBXNativeTarget "Pokedex_RenataTests" */;
			buildPhases = (
				12825A09250C059800EC915D /* Sources */,
				12825A0A250C059800EC915D /* Frameworks */,
				12825A0B250C059800EC915D /* Resources */,
			);
			buildRules = (
			);
			dependencies = (
				12825A0F250C059800EC915D /* PBXTargetDependency */,
			);
			name = Pokedex_RenataTests;
			productName = Pokedex_RenataTests;
			productReference = 12825A0D250C059800EC915D /* Pokedex_RenataTests.xctest */;
			productType = "com.apple.product-type.bundle.unit-test";
		};
/* End PBXNativeTarget section */

/* Begin PBXProject section */
		128259EF250C059400EC915D /* Project object */ = {
			isa = PBXProject;
			attributes = {
				LastSwiftUpdateCheck = 1170;
				LastUpgradeCheck = 1170;
				ORGANIZATIONNAME = "Renata Gondim Andrade";
				TargetAttributes = {
					128259F6250C059400EC915D = {
						CreatedOnToolsVersion = 11.7;
					};
					12825A0C250C059800EC915D = {
						CreatedOnToolsVersion = 11.7;
						TestTargetID = 128259F6250C059400EC915D;
					};
				};
			};
			buildConfigurationList = 128259F2250C059400EC915D /* Build configuration list for PBXProject "Pokedex_Renata" */;
			compatibilityVersion = "Xcode 9.3";
			developmentRegion = en;
			hasScannedForEncodings = 0;
			knownRegions = (
				en,
				Base,
			);
			mainGroup = 128259EE250C059400EC915D;
			packageReferences = (
				12A8C42C250E7D2000BC4217 /* XCRemoteSwiftPackageReference "SnapKit" */,
			);
			productRefGroup = 128259F8250C059400EC915D /* Products */;
			projectDirPath = "";
			projectRoot = "";
			targets = (
				128259F6250C059400EC915D /* Pokedex_Renata */,
				12825A0C250C059800EC915D /* Pokedex_RenataTests */,
			);
		};
/* End PBXProject section */

/* Begin PBXResourcesBuildPhase section */
		128259F5250C059400EC915D /* Resources */ = {
			isa = PBXResourcesBuildPhase;
			buildActionMask = 2147483647;
			files = (
				12825A07250C059800EC915D /* LaunchScreen.storyboard in Resources */,
				12825A04250C059800EC915D /* Assets.xcassets in Resources */,
				12825A02250C059400EC915D /* Main.storyboard in Resources */,
			);
			runOnlyForDeploymentPostprocessing = 0;
		};
		12825A0B250C059800EC915D /* Resources */ = {
			isa = PBXResourcesBuildPhase;
			buildActionMask = 2147483647;
			files = (
			);
			runOnlyForDeploymentPostprocessing = 0;
		};
/* End PBXResourcesBuildPhase section */

/* Begin PBXSourcesBuildPhase section */
		128259F3250C059400EC915D /* Sources */ = {
			isa = PBXSourcesBuildPhase;
			buildActionMask = 2147483647;
			files = (
				128259FF250C059400EC915D /* ViewController.swift in Sources */,
				12BF7AC4250D73930017BABC /* ViewCode.swift in Sources */,
				12825A21250C165E00EC915D /* Pokemon.swift in Sources */,
				12BF7AC9250D9C870017BABC /* PokedexView.swift in Sources */,
				12BF7ABF250D715A0017BABC /* PokedexTabBarFactory.swift in Sources */,
				12BF7AB5250CFD6A0017BABC /* HTTPMethod.swift in Sources */,
				12AFE76C250C28AE00BAEAB0 /* Pokedex.swift in Sources */,
				12BF7AB2250CFCFA0017BABC /* Networking.swift in Sources */,
				128259FB250C059400EC915D /* AppDelegate.swift in Sources */,
				12BF7AC7250D9B670017BABC /* PokedexTableViewCell.swift in Sources */,
				12BF7ABD250D6EBF0017BABC /* PokedexTabBarController.swift in Sources */,
				12825A1D250C151700EC915D /* PokedexWorker.swift in Sources */,
			);
			runOnlyForDeploymentPostprocessing = 0;
		};
		12825A09250C059800EC915D /* Sources */ = {
			isa = PBXSourcesBuildPhase;
			buildActionMask = 2147483647;
			files = (
				12AFE772250C535E00BAEAB0 /* URLProtocolMock.swift in Sources */,
				12BF7AB9250D00720017BABC /* WorkerTestsFactory.swift in Sources */,
				12AFE770250C3D8900BAEAB0 /* PokedexWorkerTests.swift in Sources */,
			);
			runOnlyForDeploymentPostprocessing = 0;
		};
/* End PBXSourcesBuildPhase section */

/* Begin PBXTargetDependency section */
		12825A0F250C059800EC915D /* PBXTargetDependency */ = {
			isa = PBXTargetDependency;
			target = 128259F6250C059400EC915D /* Pokedex_Renata */;
			targetProxy = 12825A0E250C059800EC915D /* PBXContainerItemProxy */;
		};
/* End PBXTargetDependency section */

/* Begin PBXVariantGroup section */
		12825A00250C059400EC915D /* Main.storyboard */ = {
			isa = PBXVariantGroup;
			children = (
				12825A01250C059400EC915D /* Base */,
			);
			name = Main.storyboard;
			sourceTree = "<group>";
		};
		12825A05250C059800EC915D /* LaunchScreen.storyboard */ = {
			isa = PBXVariantGroup;
			children = (
				12825A06250C059800EC915D /* Base */,
			);
			name = LaunchScreen.storyboard;
			sourceTree = "<group>";
		};
/* End PBXVariantGroup section */

/* Begin XCBuildConfiguration section */
		12825A14250C059800EC915D /* Debug */ = {
			isa = XCBuildConfiguration;
			buildSettings = {
				ALWAYS_SEARCH_USER_PATHS = NO;
				CLANG_ANALYZER_NONNULL = YES;
				CLANG_ANALYZER_NUMBER_OBJECT_CONVERSION = YES_AGGRESSIVE;
				CLANG_CXX_LANGUAGE_STANDARD = "gnu++14";
				CLANG_CXX_LIBRARY = "libc++";
				CLANG_ENABLE_MODULES = YES;
				CLANG_ENABLE_OBJC_ARC = YES;
				CLANG_ENABLE_OBJC_WEAK = YES;
				CLANG_WARN_BLOCK_CAPTURE_AUTORELEASING = YES;
				CLANG_WARN_BOOL_CONVERSION = YES;
				CLANG_WARN_COMMA = YES;
				CLANG_WARN_CONSTANT_CONVERSION = YES;
				CLANG_WARN_DEPRECATED_OBJC_IMPLEMENTATIONS = YES;
				CLANG_WARN_DIRECT_OBJC_ISA_USAGE = YES_ERROR;
				CLANG_WARN_DOCUMENTATION_COMMENTS = YES;
				CLANG_WARN_EMPTY_BODY = YES;
				CLANG_WARN_ENUM_CONVERSION = YES;
				CLANG_WARN_INFINITE_RECURSION = YES;
				CLANG_WARN_INT_CONVERSION = YES;
				CLANG_WARN_NON_LITERAL_NULL_CONVERSION = YES;
				CLANG_WARN_OBJC_IMPLICIT_RETAIN_SELF = YES;
				CLANG_WARN_OBJC_LITERAL_CONVERSION = YES;
				CLANG_WARN_OBJC_ROOT_CLASS = YES_ERROR;
				CLANG_WARN_RANGE_LOOP_ANALYSIS = YES;
				CLANG_WARN_STRICT_PROTOTYPES = YES;
				CLANG_WARN_SUSPICIOUS_MOVE = YES;
				CLANG_WARN_UNGUARDED_AVAILABILITY = YES_AGGRESSIVE;
				CLANG_WARN_UNREACHABLE_CODE = YES;
				CLANG_WARN__DUPLICATE_METHOD_MATCH = YES;
				COPY_PHASE_STRIP = NO;
				DEBUG_INFORMATION_FORMAT = dwarf;
				ENABLE_STRICT_OBJC_MSGSEND = YES;
				ENABLE_TESTABILITY = YES;
				GCC_C_LANGUAGE_STANDARD = gnu11;
				GCC_DYNAMIC_NO_PIC = NO;
				GCC_NO_COMMON_BLOCKS = YES;
				GCC_OPTIMIZATION_LEVEL = 0;
				GCC_PREPROCESSOR_DEFINITIONS = (
					"DEBUG=1",
					"$(inherited)",
				);
				GCC_WARN_64_TO_32_BIT_CONVERSION = YES;
				GCC_WARN_ABOUT_RETURN_TYPE = YES_ERROR;
				GCC_WARN_UNDECLARED_SELECTOR = YES;
				GCC_WARN_UNINITIALIZED_AUTOS = YES_AGGRESSIVE;
				GCC_WARN_UNUSED_FUNCTION = YES;
				GCC_WARN_UNUSED_VARIABLE = YES;
				IPHONEOS_DEPLOYMENT_TARGET = 9.3;
				MTL_ENABLE_DEBUG_INFO = INCLUDE_SOURCE;
				MTL_FAST_MATH = YES;
				ONLY_ACTIVE_ARCH = YES;
				SDKROOT = iphoneos;
				SWIFT_ACTIVE_COMPILATION_CONDITIONS = DEBUG;
				SWIFT_OPTIMIZATION_LEVEL = "-Onone";
			};
			name = Debug;
		};
		12825A15250C059800EC915D /* Release */ = {
			isa = XCBuildConfiguration;
			buildSettings = {
				ALWAYS_SEARCH_USER_PATHS = NO;
				CLANG_ANALYZER_NONNULL = YES;
				CLANG_ANALYZER_NUMBER_OBJECT_CONVERSION = YES_AGGRESSIVE;
				CLANG_CXX_LANGUAGE_STANDARD = "gnu++14";
				CLANG_CXX_LIBRARY = "libc++";
				CLANG_ENABLE_MODULES = YES;
				CLANG_ENABLE_OBJC_ARC = YES;
				CLANG_ENABLE_OBJC_WEAK = YES;
				CLANG_WARN_BLOCK_CAPTURE_AUTORELEASING = YES;
				CLANG_WARN_BOOL_CONVERSION = YES;
				CLANG_WARN_COMMA = YES;
				CLANG_WARN_CONSTANT_CONVERSION = YES;
				CLANG_WARN_DEPRECATED_OBJC_IMPLEMENTATIONS = YES;
				CLANG_WARN_DIRECT_OBJC_ISA_USAGE = YES_ERROR;
				CLANG_WARN_DOCUMENTATION_COMMENTS = YES;
				CLANG_WARN_EMPTY_BODY = YES;
				CLANG_WARN_ENUM_CONVERSION = YES;
				CLANG_WARN_INFINITE_RECURSION = YES;
				CLANG_WARN_INT_CONVERSION = YES;
				CLANG_WARN_NON_LITERAL_NULL_CONVERSION = YES;
				CLANG_WARN_OBJC_IMPLICIT_RETAIN_SELF = YES;
				CLANG_WARN_OBJC_LITERAL_CONVERSION = YES;
				CLANG_WARN_OBJC_ROOT_CLASS = YES_ERROR;
				CLANG_WARN_RANGE_LOOP_ANALYSIS = YES;
				CLANG_WARN_STRICT_PROTOTYPES = YES;
				CLANG_WARN_SUSPICIOUS_MOVE = YES;
				CLANG_WARN_UNGUARDED_AVAILABILITY = YES_AGGRESSIVE;
				CLANG_WARN_UNREACHABLE_CODE = YES;
				CLANG_WARN__DUPLICATE_METHOD_MATCH = YES;
				COPY_PHASE_STRIP = NO;
				DEBUG_INFORMATION_FORMAT = "dwarf-with-dsym";
				ENABLE_NS_ASSERTIONS = NO;
				ENABLE_STRICT_OBJC_MSGSEND = YES;
				GCC_C_LANGUAGE_STANDARD = gnu11;
				GCC_NO_COMMON_BLOCKS = YES;
				GCC_WARN_64_TO_32_BIT_CONVERSION = YES;
				GCC_WARN_ABOUT_RETURN_TYPE = YES_ERROR;
				GCC_WARN_UNDECLARED_SELECTOR = YES;
				GCC_WARN_UNINITIALIZED_AUTOS = YES_AGGRESSIVE;
				GCC_WARN_UNUSED_FUNCTION = YES;
				GCC_WARN_UNUSED_VARIABLE = YES;
				IPHONEOS_DEPLOYMENT_TARGET = 9.3;
				MTL_ENABLE_DEBUG_INFO = NO;
				MTL_FAST_MATH = YES;
				SDKROOT = iphoneos;
				SWIFT_COMPILATION_MODE = wholemodule;
				SWIFT_OPTIMIZATION_LEVEL = "-O";
				VALIDATE_PRODUCT = YES;
			};
			name = Release;
		};
		12825A17250C059800EC915D /* Debug */ = {
			isa = XCBuildConfiguration;
			buildSettings = {
				ASSETCATALOG_COMPILER_APPICON_NAME = AppIcon;
				CODE_SIGN_STYLE = Automatic;
				DEVELOPMENT_TEAM = B8R742385D;
				INFOPLIST_FILE = Pokedex_Renata/Info.plist;
				IPHONEOS_DEPLOYMENT_TARGET = 9.3;
				LD_RUNPATH_SEARCH_PATHS = (
					"$(inherited)",
					"@executable_path/Frameworks",
				);
				PRODUCT_BUNDLE_IDENTIFIER = "com.renataandrade.Pokedex-Renata";
				PRODUCT_NAME = "$(TARGET_NAME)";
				SWIFT_VERSION = 5.0;
				TARGETED_DEVICE_FAMILY = "1,2";
			};
			name = Debug;
		};
		12825A18250C059800EC915D /* Release */ = {
			isa = XCBuildConfiguration;
			buildSettings = {
				ASSETCATALOG_COMPILER_APPICON_NAME = AppIcon;
				CODE_SIGN_STYLE = Automatic;
				DEVELOPMENT_TEAM = B8R742385D;
				INFOPLIST_FILE = Pokedex_Renata/Info.plist;
				IPHONEOS_DEPLOYMENT_TARGET = 9.3;
				LD_RUNPATH_SEARCH_PATHS = (
					"$(inherited)",
					"@executable_path/Frameworks",
				);
				PRODUCT_BUNDLE_IDENTIFIER = "com.renataandrade.Pokedex-Renata";
				PRODUCT_NAME = "$(TARGET_NAME)";
				SWIFT_VERSION = 5.0;
				TARGETED_DEVICE_FAMILY = "1,2";
			};
			name = Release;
		};
		12825A1A250C059800EC915D /* Debug */ = {
			isa = XCBuildConfiguration;
			buildSettings = {
				ALWAYS_EMBED_SWIFT_STANDARD_LIBRARIES = YES;
				BUNDLE_LOADER = "$(TEST_HOST)";
				CODE_SIGN_STYLE = Automatic;
				INFOPLIST_FILE = Pokedex_RenataTests/Info.plist;
				IPHONEOS_DEPLOYMENT_TARGET = 13.7;
				LD_RUNPATH_SEARCH_PATHS = (
					"$(inherited)",
					"@executable_path/Frameworks",
					"@loader_path/Frameworks",
				);
				PRODUCT_BUNDLE_IDENTIFIER = "com.renataandrade.Pokedex-RenataTests";
				PRODUCT_NAME = "$(TARGET_NAME)";
				SWIFT_VERSION = 5.0;
				TARGETED_DEVICE_FAMILY = "1,2";
				TEST_HOST = "$(BUILT_PRODUCTS_DIR)/Pokedex_Renata.app/Pokedex_Renata";
			};
			name = Debug;
		};
		12825A1B250C059800EC915D /* Release */ = {
			isa = XCBuildConfiguration;
			buildSettings = {
				ALWAYS_EMBED_SWIFT_STANDARD_LIBRARIES = YES;
				BUNDLE_LOADER = "$(TEST_HOST)";
				CODE_SIGN_STYLE = Automatic;
				INFOPLIST_FILE = Pokedex_RenataTests/Info.plist;
				IPHONEOS_DEPLOYMENT_TARGET = 13.7;
				LD_RUNPATH_SEARCH_PATHS = (
					"$(inherited)",
					"@executable_path/Frameworks",
					"@loader_path/Frameworks",
				);
				PRODUCT_BUNDLE_IDENTIFIER = "com.renataandrade.Pokedex-RenataTests";
				PRODUCT_NAME = "$(TARGET_NAME)";
				SWIFT_VERSION = 5.0;
				TARGETED_DEVICE_FAMILY = "1,2";
				TEST_HOST = "$(BUILT_PRODUCTS_DIR)/Pokedex_Renata.app/Pokedex_Renata";
			};
			name = Release;
		};
/* End XCBuildConfiguration section */

/* Begin XCConfigurationList section */
		128259F2250C059400EC915D /* Build configuration list for PBXProject "Pokedex_Renata" */ = {
			isa = XCConfigurationList;
			buildConfigurations = (
				12825A14250C059800EC915D /* Debug */,
				12825A15250C059800EC915D /* Release */,
			);
			defaultConfigurationIsVisible = 0;
			defaultConfigurationName = Release;
		};
		12825A16250C059800EC915D /* Build configuration list for PBXNativeTarget "Pokedex_Renata" */ = {
			isa = XCConfigurationList;
			buildConfigurations = (
				12825A17250C059800EC915D /* Debug */,
				12825A18250C059800EC915D /* Release */,
			);
			defaultConfigurationIsVisible = 0;
			defaultConfigurationName = Release;
		};
		12825A19250C059800EC915D /* Build configuration list for PBXNativeTarget "Pokedex_RenataTests" */ = {
			isa = XCConfigurationList;
			buildConfigurations = (
				12825A1A250C059800EC915D /* Debug */,
				12825A1B250C059800EC915D /* Release */,
			);
			defaultConfigurationIsVisible = 0;
			defaultConfigurationName = Release;
		};
/* End XCConfigurationList section */

/* Begin XCRemoteSwiftPackageReference section */
		12A8C42C250E7D2000BC4217 /* XCRemoteSwiftPackageReference "SnapKit" */ = {
			isa = XCRemoteSwiftPackageReference;
			repositoryURL = "https://github.com/SnapKit/SnapKit.git";
			requirement = {
				kind = upToNextMinorVersion;
				minimumVersion = 4.0.0;
			};
		};
/* End XCRemoteSwiftPackageReference section */

/* Begin XCSwiftPackageProductDependency section */
		12A8C42D250E7D2000BC4217 /* SnapKit */ = {
			isa = XCSwiftPackageProductDependency;
			package = 12A8C42C250E7D2000BC4217 /* XCRemoteSwiftPackageReference "SnapKit" */;
			productName = SnapKit;
		};
/* End XCSwiftPackageProductDependency section */
	};
	rootObject = 128259EF250C059400EC915D /* Project object */;
}
