{
  "object": {
    "pins": [
      {
        "package": "SDWebImage",
        "repositoryURL": "https://github.com/SDWebImage/SDWebImage.git",
        "state": {
          "branch": null,
          "revision": "7a21432a370a34925046244462281bd36ebab73d",
          "version": "5.9.1"
        }
      },
      {
        "package": "SnapKit",
        "repositoryURL": "https://github.com/SnapKit/SnapKit.git",
        "state": {
          "branch": null,
          "revision": "0c92c7a9a90ee7a9c71f95f400f86e0d611f757f",
          "version": "4.0.1"
        }
      }
    ]
  },
  "version": 1
}
